// !$*UTF8*$!
{
	archiveVersion = 1;
	classes = {
	};
	objectVersion = 77;
	objects = {

/* Begin PBXBuildFile section */
		99AF2B1F2EF6E01B00C2D3F9 /* AppDIConfiguration.swift in Sources */ = {isa = PBXBuildFile; fileRef = 99AF2B192EF6E01B00C2D3F9 /* AppDIConfiguration.swift */; };
		99AF2B202EF6E01B00C2D3F9 /* FirebaseDIConfiguration.swift in Sources */ = {isa = PBXBuildFile; fileRef = 99AF2B1A2EF6E01B00C2D3F9 /* FirebaseDIConfiguration.swift */; };
		99AF2B212EF6E01B00C2D3F9 /* DIContainer.swift in Sources */ = {isa = PBXBuildFile; fileRef = 99AF2B1C2EF6E01B00C2D3F9 /* DIContainer.swift */; };
		99AF2C942EF9AA9900C2D3F9 /* FirebaseAnalytics in Frameworks */ = {isa = PBXBuildFile; productRef = 99AF2C932EF9AA9900C2D3F9 /* FirebaseAnalytics */; };
		99AF2C962EF9AA9900C2D3F9 /* FirebaseAuth in Frameworks */ = {isa = PBXBuildFile; productRef = 99AF2C952EF9AA9900C2D3F9 /* FirebaseAuth */; };
		99AF2C982EF9AA9900C2D3F9 /* FirebaseFirestore in Frameworks */ = {isa = PBXBuildFile; productRef = 99AF2C972EF9AA9900C2D3F9 /* FirebaseFirestore */; };
		99AF2C9A2EF9AA9900C2D3F9 /* FirebaseStorage in Frameworks */ = {isa = PBXBuildFile; productRef = 99AF2C992EF9AA9900C2D3F9 /* FirebaseStorage */; };
/* End PBXBuildFile section */

/* Begin PBXContainerItemProxy section */
		99AF2ADD2EF6DE6400C2D3F9 /* PBXContainerItemProxy */ = {
			isa = PBXContainerItemProxy;
			containerPortal = 99AF2AC72EF6DE6300C2D3F9 /* Project object */;
			proxyType = 1;
			remoteGlobalIDString = 99AF2ACE2EF6DE6300C2D3F9;
			remoteInfo = Meleque;
		};
		99AF2AE72EF6DE6400C2D3F9 /* PBXContainerItemProxy */ = {
			isa = PBXContainerItemProxy;
			containerPortal = 99AF2AC72EF6DE6300C2D3F9 /* Project object */;
			proxyType = 1;
			remoteGlobalIDString = 99AF2ACE2EF6DE6300C2D3F9;
			remoteInfo = Meleque;
		};
/* End PBXContainerItemProxy section */

/* Begin PBXFileReference section */
		99AF2ACF2EF6DE6300C2D3F9 /* Meleque.app */ = {isa = PBXFileReference; explicitFileType = wrapper.application; includeInIndex = 0; path = Meleque.app; sourceTree = BUILT_PRODUCTS_DIR; };
		99AF2ADC2EF6DE6400C2D3F9 /* MelequeTests.xctest */ = {isa = PBXFileReference; explicitFileType = wrapper.cfbundle; includeInIndex = 0; path = MelequeTests.xctest; sourceTree = BUILT_PRODUCTS_DIR; };
		99AF2AE62EF6DE6400C2D3F9 /* MelequeUITests.xctest */ = {isa = PBXFileReference; explicitFileType = wrapper.cfbundle; includeInIndex = 0; path = MelequeUITests.xctest; sourceTree = BUILT_PRODUCTS_DIR; };
		99AF2B192EF6E01B00C2D3F9 /* AppDIConfiguration.swift */ = {isa = PBXFileReference; lastKnownFileType = sourcecode.swift; path = AppDIConfiguration.swift; sourceTree = "<group>"; };
		99AF2B1A2EF6E01B00C2D3F9 /* FirebaseDIConfiguration.swift */ = {isa = PBXFileReference; lastKnownFileType = sourcecode.swift; path = FirebaseDIConfiguration.swift; sourceTree = "<group>"; };
		99AF2B1C2EF6E01B00C2D3F9 /* DIContainer.swift */ = {isa = PBXFileReference; lastKnownFileType = sourcecode.swift; path = DIContainer.swift; sourceTree = "<group>"; };
/* End PBXFileReference section */

/* Begin PBXFileSystemSynchronizedBuildFileExceptionSet section */
		99AF2C912EF9A9A800C2D3F9 /* Exceptions for "Meleque" folder in "Meleque" target */ = {
			isa = PBXFileSystemSynchronizedBuildFileExceptionSet;
			membershipExceptions = (
				Assets.xcassets,
				"Feature/Extensions/View+Extension.swift",
				info.plist,
			);
			target = 99AF2ACE2EF6DE6300C2D3F9 /* Meleque */;
		};
/* End PBXFileSystemSynchronizedBuildFileExceptionSet section */

/* Begin PBXFileSystemSynchronizedGroupBuildPhaseMembershipExceptionSet section */
		996642F02F01AB8100E4362E /* Exceptions for "Meleque" folder in "Copy Bundle Resources" phase from "Meleque" target */ = {
			isa = PBXFileSystemSynchronizedGroupBuildPhaseMembershipExceptionSet;
			buildPhase = 99AF2ACD2EF6DE6300C2D3F9 /* Resources */;
			membershipExceptions = (
				"Feature/Extensions/View+Extension.swift",
			);
		};
/* End PBXFileSystemSynchronizedGroupBuildPhaseMembershipExceptionSet section */

/* Begin PBXFileSystemSynchronizedRootGroup section */
		99AF2AD12EF6DE6300C2D3F9 /* Meleque */ = {
			isa = PBXFileSystemSynchronizedRootGroup;
			exceptions = (
				99AF2C912EF9A9A800C2D3F9 /* Exceptions for "Meleque" folder in "Meleque" target */,
				996642F02F01AB8100E4362E /* Exceptions for "Meleque" folder in "Copy Bundle Resources" phase from "Meleque" target */,
			);
			path = Meleque;
			sourceTree = "<group>";
		};
		99AF2ADF2EF6DE6400C2D3F9 /* MelequeTests */ = {
			isa = PBXFileSystemSynchronizedRootGroup;
			path = MelequeTests;
			sourceTree = "<group>";
		};
		99AF2AE92EF6DE6400C2D3F9 /* MelequeUITests */ = {
			isa = PBXFileSystemSynchronizedRootGroup;
			path = MelequeUITests;
			sourceTree = "<group>";
		};
/* End PBXFileSystemSynchronizedRootGroup section */

/* Begin PBXFrameworksBuildPhase section */
		99AF2ACC2EF6DE6300C2D3F9 /* Frameworks */ = {
			isa = PBXFrameworksBuildPhase;
			buildActionMask = 2147483647;
			files = (
				99AF2C942EF9AA9900C2D3F9 /* FirebaseAnalytics in Frameworks */,
				99AF2C9A2EF9AA9900C2D3F9 /* FirebaseStorage in Frameworks */,
				99AF2C962EF9AA9900C2D3F9 /* FirebaseAuth in Frameworks */,
				99AF2C982EF9AA9900C2D3F9 /* FirebaseFirestore in Frameworks */,
			);
			runOnlyForDeploymentPostprocessing = 0;
		};
		99AF2AD92EF6DE6400C2D3F9 /* Frameworks */ = {
			isa = PBXFrameworksBuildPhase;
			buildActionMask = 2147483647;
			files = (
			);
			runOnlyForDeploymentPostprocessing = 0;
		};
		99AF2AE32EF6DE6400C2D3F9 /* Frameworks */ = {
			isa = PBXFrameworksBuildPhase;
			buildActionMask = 2147483647;
			files = (
			);
			runOnlyForDeploymentPostprocessing = 0;
		};
/* End PBXFrameworksBuildPhase section */

/* Begin PBXGroup section */
		99AF2AC62EF6DE6300C2D3F9 = {
			isa = PBXGroup;
			children = (
				99AF2AD12EF6DE6300C2D3F9 /* Meleque */,
				99AF2ADF2EF6DE6400C2D3F9 /* MelequeTests */,
				99AF2AE92EF6DE6400C2D3F9 /* MelequeUITests */,
				99AF2AD02EF6DE6300C2D3F9 /* Products */,
				99AF2B1E2EF6E01B00C2D3F9 /* Dependency */,
			);
			sourceTree = "<group>";
		};
		99AF2AD02EF6DE6300C2D3F9 /* Products */ = {
			isa = PBXGroup;
			children = (
				99AF2ACF2EF6DE6300C2D3F9 /* Meleque.app */,
				99AF2ADC2EF6DE6400C2D3F9 /* MelequeTests.xctest */,
				99AF2AE62EF6DE6400C2D3F9 /* MelequeUITests.xctest */,
			);
			name = Products;
			sourceTree = "<group>";
		};
		99AF2B1B2EF6E01B00C2D3F9 /* Configuration */ = {
			isa = PBXGroup;
			children = (
				99AF2B192EF6E01B00C2D3F9 /* AppDIConfiguration.swift */,
				99AF2B1A2EF6E01B00C2D3F9 /* FirebaseDIConfiguration.swift */,
			);
			path = Configuration;
			sourceTree = "<group>";
		};
		99AF2B1D2EF6E01B00C2D3F9 /* Container */ = {
			isa = PBXGroup;
			children = (
				99AF2B1C2EF6E01B00C2D3F9 /* DIContainer.swift */,
			);
			path = Container;
			sourceTree = "<group>";
		};
		99AF2B1E2EF6E01B00C2D3F9 /* Dependency */ = {
			isa = PBXGroup;
			children = (
				99AF2B1B2EF6E01B00C2D3F9 /* Configuration */,
				99AF2B1D2EF6E01B00C2D3F9 /* Container */,
			);
			path = Dependency;
			sourceTree = "<group>";
		};
/* End PBXGroup section */

/* Begin PBXNativeTarget section */
		99AF2ACE2EF6DE6300C2D3F9 /* Meleque */ = {
			isa = PBXNativeTarget;
			buildConfigurationList = 99AF2AF02EF6DE6400C2D3F9 /* Build configuration list for PBXNativeTarget "Meleque" */;
			buildPhases = (
				99AF2ACB2EF6DE6300C2D3F9 /* Sources */,
				99AF2ACC2EF6DE6300C2D3F9 /* Frameworks */,
				99AF2ACD2EF6DE6300C2D3F9 /* Resources */,
			);
			buildRules = (
			);
			dependencies = (
			);
			fileSystemSynchronizedGroups = (
				99AF2AD12EF6DE6300C2D3F9 /* Meleque */,
			);
			name = Meleque;
			packageProductDependencies = (
				99AF2C932EF9AA9900C2D3F9 /* FirebaseAnalytics */,
				99AF2C952EF9AA9900C2D3F9 /* FirebaseAuth */,
				99AF2C972EF9AA9900C2D3F9 /* FirebaseFirestore */,
				99AF2C992EF9AA9900C2D3F9 /* FirebaseStorage */,
			);
			productName = Meleque;
			productReference = 99AF2ACF2EF6DE6300C2D3F9 /* Meleque.app */;
			productType = "com.apple.product-type.application";
		};
		99AF2ADB2EF6DE6400C2D3F9 /* MelequeTests */ = {
			isa = PBXNativeTarget;
			buildConfigurationList = 99AF2AF32EF6DE6400C2D3F9 /* Build configuration list for PBXNativeTarget "MelequeTests" */;
			buildPhases = (
				99AF2AD82EF6DE6400C2D3F9 /* Sources */,
				99AF2AD92EF6DE6400C2D3F9 /* Frameworks */,
				99AF2ADA2EF6DE6400C2D3F9 /* Resources */,
			);
			buildRules = (
			);
			dependencies = (
				99AF2ADE2EF6DE6400C2D3F9 /* PBXTargetDependency */,
			);
			fileSystemSynchronizedGroups = (
				99AF2ADF2EF6DE6400C2D3F9 /* MelequeTests */,
			);
			name = MelequeTests;
			packageProductDependencies = (
			);
			productName = MelequeTests;
			productReference = 99AF2ADC2EF6DE6400C2D3F9 /* MelequeTests.xctest */;
			productType = "com.apple.product-type.bundle.unit-test";
		};
		99AF2AE52EF6DE6400C2D3F9 /* MelequeUITests */ = {
			isa = PBXNativeTarget;
			buildConfigurationList = 99AF2AF62EF6DE6400C2D3F9 /* Build configuration list for PBXNativeTarget "MelequeUITests" */;
			buildPhases = (
				99AF2AE22EF6DE6400C2D3F9 /* Sources */,
				99AF2AE32EF6DE6400C2D3F9 /* Frameworks */,
				99AF2AE42EF6DE6400C2D3F9 /* Resources */,
			);
			buildRules = (
			);
			dependencies = (
				99AF2AE82EF6DE6400C2D3F9 /* PBXTargetDependency */,
			);
			fileSystemSynchronizedGroups = (
				99AF2AE92EF6DE6400C2D3F9 /* MelequeUITests */,
			);
			name = MelequeUITests;
			packageProductDependencies = (
			);
			productName = MelequeUITests;
			productReference = 99AF2AE62EF6DE6400C2D3F9 /* MelequeUITests.xctest */;
			productType = "com.apple.product-type.bundle.ui-testing";
		};
/* End PBXNativeTarget section */

/* Begin PBXProject section */
		99AF2AC72EF6DE6300C2D3F9 /* Project object */ = {
			isa = PBXProject;
			attributes = {
				BuildIndependentTargetsInParallel = 1;
				LastSwiftUpdateCheck = 2620;
				LastUpgradeCheck = 2620;
				TargetAttributes = {
					99AF2ACE2EF6DE6300C2D3F9 = {
						CreatedOnToolsVersion = 26.2;
					};
					99AF2ADB2EF6DE6400C2D3F9 = {
						CreatedOnToolsVersion = 26.2;
						TestTargetID = 99AF2ACE2EF6DE6300C2D3F9;
					};
					99AF2AE52EF6DE6400C2D3F9 = {
						CreatedOnToolsVersion = 26.2;
						TestTargetID = 99AF2ACE2EF6DE6300C2D3F9;
					};
				};
			};
			buildConfigurationList = 99AF2ACA2EF6DE6300C2D3F9 /* Build configuration list for PBXProject "Meleque" */;
			developmentRegion = en;
			hasScannedForEncodings = 0;
			knownRegions = (
				en,
				Base,
			);
			mainGroup = 99AF2AC62EF6DE6300C2D3F9;
			minimizedProjectReferenceProxies = 1;
			packageReferences = (
				99AF2C922EF9AA9900C2D3F9 /* XCRemoteSwiftPackageReference "firebase-ios-sdk" */,
			);
			preferredProjectObjectVersion = 77;
			productRefGroup = 99AF2AD02EF6DE6300C2D3F9 /* Products */;
			projectDirPath = "";
			projectRoot = "";
			targets = (
				99AF2ACE2EF6DE6300C2D3F9 /* Meleque */,
				99AF2ADB2EF6DE6400C2D3F9 /* MelequeTests */,
				99AF2AE52EF6DE6400C2D3F9 /* MelequeUITests */,
			);
		};
/* End PBXProject section */

/* Begin PBXResourcesBuildPhase section */
		99AF2ACD2EF6DE6300C2D3F9 /* Resources */ = {
			isa = PBXResourcesBuildPhase;
			buildActionMask = 2147483647;
			files = (
			);
			runOnlyForDeploymentPostprocessing = 0;
		};
		99AF2ADA2EF6DE6400C2D3F9 /* Resources */ = {
			isa = PBXResourcesBuildPhase;
			buildActionMask = 2147483647;
			files = (
			);
			runOnlyForDeploymentPostprocessing = 0;
		};
		99AF2AE42EF6DE6400C2D3F9 /* Resources */ = {
			isa = PBXResourcesBuildPhase;
			buildActionMask = 2147483647;
			files = (
			);
			runOnlyForDeploymentPostprocessing = 0;
		};
/* End PBXResourcesBuildPhase section */

/* Begin PBXSourcesBuildPhase section */
		99AF2ACB2EF6DE6300C2D3F9 /* Sources */ = {
			isa = PBXSourcesBuildPhase;
			buildActionMask = 2147483647;
			files = (
				99AF2B1F2EF6E01B00C2D3F9 /* AppDIConfiguration.swift in Sources */,
				99AF2B202EF6E01B00C2D3F9 /* FirebaseDIConfiguration.swift in Sources */,
				99AF2B212EF6E01B00C2D3F9 /* DIContainer.swift in Sources */,
			);
			runOnlyForDeploymentPostprocessing = 0;
		};
		99AF2AD82EF6DE6400C2D3F9 /* Sources */ = {
			isa = PBXSourcesBuildPhase;
			buildActionMask = 2147483647;
			files = (
			);
			runOnlyForDeploymentPostprocessing = 0;
		};
		99AF2AE22EF6DE6400C2D3F9 /* Sources */ = {
			isa = PBXSourcesBuildPhase;
			buildActionMask = 2147483647;
			files = (
			);
			runOnlyForDeploymentPostprocessing = 0;
		};
/* End PBXSourcesBuildPhase section */

/* Begin PBXTargetDependency section */
		99AF2ADE2EF6DE6400C2D3F9 /* PBXTargetDependency */ = {
			isa = PBXTargetDependency;
			target = 99AF2ACE2EF6DE6300C2D3F9 /* Meleque */;
			targetProxy = 99AF2ADD2EF6DE6400C2D3F9 /* PBXContainerItemProxy */;
		};
		99AF2AE82EF6DE6400C2D3F9 /* PBXTargetDependency */ = {
			isa = PBXTargetDependency;
			target = 99AF2ACE2EF6DE6300C2D3F9 /* Meleque */;
			targetProxy = 99AF2AE72EF6DE6400C2D3F9 /* PBXContainerItemProxy */;
		};
/* End PBXTargetDependency section */

/* Begin XCBuildConfiguration section */
		99AF2AEE2EF6DE6400C2D3F9 /* Debug */ = {
			isa = XCBuildConfiguration;
			buildSettings = {
				ALWAYS_SEARCH_USER_PATHS = NO;
				ASSETCATALOG_COMPILER_GENERATE_SWIFT_ASSET_SYMBOL_EXTENSIONS = YES;
				CLANG_ANALYZER_NONNULL = YES;
				CLANG_ANALYZER_NUMBER_OBJECT_CONVERSION = YES_AGGRESSIVE;
				CLANG_CXX_LANGUAGE_STANDARD = "gnu++20";
				CLANG_ENABLE_MODULES = YES;
				CLANG_ENABLE_OBJC_ARC = YES;
				CLANG_ENABLE_OBJC_WEAK = YES;
				CLANG_WARN_BLOCK_CAPTURE_AUTORELEASING = YES;
				CLANG_WARN_BOOL_CONVERSION = YES;
				CLANG_WARN_COMMA = YES;
				CLANG_WARN_CONSTANT_CONVERSION = YES;
				CLANG_WARN_DEPRECATED_OBJC_IMPLEMENTATIONS = YES;
				CLANG_WARN_DIRECT_OBJC_ISA_USAGE = YES_ERROR;
				CLANG_WARN_DOCUMENTATION_COMMENTS = YES;
				CLANG_WARN_EMPTY_BODY = YES;
				CLANG_WARN_ENUM_CONVERSION = YES;
				CLANG_WARN_INFINITE_RECURSION = YES;
				CLANG_WARN_INT_CONVERSION = YES;
				CLANG_WARN_NON_LITERAL_NULL_CONVERSION = YES;
				CLANG_WARN_OBJC_IMPLICIT_RETAIN_SELF = YES;
				CLANG_WARN_OBJC_LITERAL_CONVERSION = YES;
				CLANG_WARN_OBJC_ROOT_CLASS = YES_ERROR;
				CLANG_WARN_QUOTED_INCLUDE_IN_FRAMEWORK_HEADER = YES;
				CLANG_WARN_RANGE_LOOP_ANALYSIS = YES;
				CLANG_WARN_STRICT_PROTOTYPES = YES;
				CLANG_WARN_SUSPICIOUS_MOVE = YES;
				CLANG_WARN_UNGUARDED_AVAILABILITY = YES_AGGRESSIVE;
				CLANG_WARN_UNREACHABLE_CODE = YES;
				CLANG_WARN__DUPLICATE_METHOD_MATCH = YES;
				COPY_PHASE_STRIP = NO;
				DEBUG_INFORMATION_FORMAT = dwarf;
				DEVELOPMENT_TEAM = A5PNFW5LM9;
				ENABLE_STRICT_OBJC_MSGSEND = YES;
				ENABLE_TESTABILITY = YES;
				ENABLE_USER_SCRIPT_SANDBOXING = YES;
				GCC_C_LANGUAGE_STANDARD = gnu17;
				GCC_DYNAMIC_NO_PIC = NO;
				GCC_NO_COMMON_BLOCKS = YES;
				GCC_OPTIMIZATION_LEVEL = 0;
				GCC_PREPROCESSOR_DEFINITIONS = (
					"DEBUG=1",
					"$(inherited)",
				);
				GCC_WARN_64_TO_32_BIT_CONVERSION = YES;
				GCC_WARN_ABOUT_RETURN_TYPE = YES_ERROR;
				GCC_WARN_UNDECLARED_SELECTOR = YES;
				GCC_WARN_UNINITIALIZED_AUTOS = YES_AGGRESSIVE;
				GCC_WARN_UNUSED_FUNCTION = YES;
				GCC_WARN_UNUSED_VARIABLE = YES;
				IPHONEOS_DEPLOYMENT_TARGET = 26.2;
				LOCALIZATION_PREFERS_STRING_CATALOGS = YES;
				MTL_ENABLE_DEBUG_INFO = INCLUDE_SOURCE;
				MTL_FAST_MATH = YES;
				ONLY_ACTIVE_ARCH = YES;
				SDKROOT = iphoneos;
				SWIFT_ACTIVE_COMPILATION_CONDITIONS = "DEBUG $(inherited)";
				SWIFT_OPTIMIZATION_LEVEL = "-Onone";
			};
			name = Debug;
		};
		99AF2AEF2EF6DE6400C2D3F9 /* Release */ = {
			isa = XCBuildConfiguration;
			buildSettings = {
				ALWAYS_SEARCH_USER_PATHS = NO;
				ASSETCATALOG_COMPILER_GENERATE_SWIFT_ASSET_SYMBOL_EXTENSIONS = YES;
				CLANG_ANALYZER_NONNULL = YES;
				CLANG_ANALYZER_NUMBER_OBJECT_CONVERSION = YES_AGGRESSIVE;
				CLANG_CXX_LANGUAGE_STANDARD = "gnu++20";
				CLANG_ENABLE_MODULES = YES;
				CLANG_ENABLE_OBJC_ARC = YES;
				CLANG_ENABLE_OBJC_WEAK = YES;
				CLANG_WARN_BLOCK_CAPTURE_AUTORELEASING = YES;
				CLANG_WARN_BOOL_CONVERSION = YES;
				CLANG_WARN_COMMA = YES;
				CLANG_WARN_CONSTANT_CONVERSION = YES;
				CLANG_WARN_DEPRECATED_OBJC_IMPLEMENTATIONS = YES;
				CLANG_WARN_DIRECT_OBJC_ISA_USAGE = YES_ERROR;
				CLANG_WARN_DOCUMENTATION_COMMENTS = YES;
				CLANG_WARN_EMPTY_BODY = YES;
				CLANG_WARN_ENUM_CONVERSION = YES;
				CLANG_WARN_INFINITE_RECURSION = YES;
				CLANG_WARN_INT_CONVERSION = YES;
				CLANG_WARN_NON_LITERAL_NULL_CONVERSION = YES;
				CLANG_WARN_OBJC_IMPLICIT_RETAIN_SELF = YES;
				CLANG_WARN_OBJC_LITERAL_CONVERSION = YES;
				CLANG_WARN_OBJC_ROOT_CLASS = YES_ERROR;
				CLANG_WARN_QUOTED_INCLUDE_IN_FRAMEWORK_HEADER = YES;
				CLANG_WARN_RANGE_LOOP_ANALYSIS = YES;
				CLANG_WARN_STRICT_PROTOTYPES = YES;
				CLANG_WARN_SUSPICIOUS_MOVE = YES;
				CLANG_WARN_UNGUARDED_AVAILABILITY = YES_AGGRESSIVE;
				CLANG_WARN_UNREACHABLE_CODE = YES;
				CLANG_WARN__DUPLICATE_METHOD_MATCH = YES;
				COPY_PHASE_STRIP = NO;
				DEBUG_INFORMATION_FORMAT = "dwarf-with-dsym";
				DEVELOPMENT_TEAM = A5PNFW5LM9;
				ENABLE_NS_ASSERTIONS = NO;
				ENABLE_STRICT_OBJC_MSGSEND = YES;
				ENABLE_USER_SCRIPT_SANDBOXING = YES;
				GCC_C_LANGUAGE_STANDARD = gnu17;
				GCC_NO_COMMON_BLOCKS = YES;
				GCC_WARN_64_TO_32_BIT_CONVERSION = YES;
				GCC_WARN_ABOUT_RETURN_TYPE = YES_ERROR;
				GCC_WARN_UNDECLARED_SELECTOR = YES;
				GCC_WARN_UNINITIALIZED_AUTOS = YES_AGGRESSIVE;
				GCC_WARN_UNUSED_FUNCTION = YES;
				GCC_WARN_UNUSED_VARIABLE = YES;
				IPHONEOS_DEPLOYMENT_TARGET = 26.2;
				LOCALIZATION_PREFERS_STRING_CATALOGS = YES;
				MTL_ENABLE_DEBUG_INFO = NO;
				MTL_FAST_MATH = YES;
				SDKROOT = iphoneos;
				SWIFT_COMPILATION_MODE = wholemodule;
				VALIDATE_PRODUCT = YES;
			};
			name = Release;
		};
		99AF2AF12EF6DE6400C2D3F9 /* Debug */ = {
			isa = XCBuildConfiguration;
			buildSettings = {
				ASSETCATALOG_COMPILER_APPICON_NAME = AppIcon;
				ASSETCATALOG_COMPILER_GLOBAL_ACCENT_COLOR_NAME = AccentColor;
				CODE_SIGN_IDENTITY = "Apple Development";
				CODE_SIGN_STYLE = Automatic;
				CURRENT_PROJECT_VERSION = 1;
				DEVELOPMENT_TEAM = A5PNFW5LM9;
				ENABLE_PREVIEWS = YES;
				GENERATE_INFOPLIST_FILE = NO;
				INFOPLIST_FILE = Meleque/Info.plist;
				INFOPLIST_KEY_LSApplicationCategoryType = "public.app-category.photography";
				INFOPLIST_KEY_NSCameraUsageDescription = "Meleque needs access to your Camera for your efective usage";
				INFOPLIST_KEY_NSMicrophoneUsageDescription = "Meleque needs access to your microphone for efective usage ";
				INFOPLIST_KEY_NSPhotoLibraryAddUsageDescription = "Meleque needs access to your library for your efective usage";
				INFOPLIST_KEY_NSPhotoLibraryUsageDescription = "Meleque needs access to your Library for your efective usage";
				INFOPLIST_KEY_UIApplicationSceneManifest_Generation = YES;
				INFOPLIST_KEY_UIApplicationSupportsIndirectInputEvents = YES;
				INFOPLIST_KEY_UILaunchScreen_Generation = YES;
				INFOPLIST_KEY_UISupportedInterfaceOrientations_iPad = "UIInterfaceOrientationPortrait UIInterfaceOrientationPortraitUpsideDown UIInterfaceOrientationLandscapeLeft UIInterfaceOrientationLandscapeRight";
				INFOPLIST_KEY_UISupportedInterfaceOrientations_iPhone = "UIInterfaceOrientationPortrait UIInterfaceOrientationLandscapeLeft UIInterfaceOrientationLandscapeRight";
				IPHONEOS_DEPLOYMENT_TARGET = 26.2;
				LD_RUNPATH_SEARCH_PATHS = (
					"$(inherited)",
					"@executable_path/Frameworks",
				);
				MARKETING_VERSION = 1.0;
				PRODUCT_BUNDLE_IDENTIFIER = com.vision.apple.Meleque;
				PRODUCT_NAME = "$(TARGET_NAME)";
				PROVISIONING_PROFILE_SPECIFIER = "";
				STRING_CATALOG_GENERATE_SYMBOLS = YES;
				SUPPORTED_PLATFORMS = "iphoneos iphonesimulator";
				SUPPORTS_MACCATALYST = NO;
				SUPPORTS_MAC_DESIGNED_FOR_IPHONE_IPAD = NO;
				SUPPORTS_XR_DESIGNED_FOR_IPHONE_IPAD = NO;
				SWIFT_APPROACHABLE_CONCURRENCY = YES;
				SWIFT_DEFAULT_ACTOR_ISOLATION = MainActor;
				SWIFT_EMIT_LOC_STRINGS = YES;
				SWIFT_UPCOMING_FEATURE_MEMBER_IMPORT_VISIBILITY = YES;
				SWIFT_VERSION = 5.0;
				TARGETED_DEVICE_FAMILY = 1;
			};
			name = Debug;
		};
		99AF2AF22EF6DE6400C2D3F9 /* Release */ = {
			isa = XCBuildConfiguration;
			buildSettings = {
				ASSETCATALOG_COMPILER_APPICON_NAME = AppIcon;
				ASSETCATALOG_COMPILER_GLOBAL_ACCENT_COLOR_NAME = AccentColor;
				CODE_SIGN_IDENTITY = "Apple Development";
				CODE_SIGN_STYLE = Automatic;
				CURRENT_PROJECT_VERSION = 1;
				DEVELOPMENT_TEAM = A5PNFW5LM9;
				ENABLE_PREVIEWS = YES;
				GENERATE_INFOPLIST_FILE = NO;
				INFOPLIST_FILE = Meleque/Info.plist;
				INFOPLIST_KEY_LSApplicationCategoryType = "public.app-category.photography";
				INFOPLIST_KEY_NSCameraUsageDescription = "Meleque needs access to your Camera for your efective usage";
				INFOPLIST_KEY_NSMicrophoneUsageDescription = "Meleque needs access to your microphone for efective usage ";
				INFOPLIST_KEY_NSPhotoLibraryAddUsageDescription = "Meleque needs access to your library for your efective usage";
				INFOPLIST_KEY_NSPhotoLibraryUsageDescription = "Meleque needs access to your Library for your efective usage";
				INFOPLIST_KEY_UIApplicationSceneManifest_Generation = YES;
				INFOPLIST_KEY_UIApplicationSupportsIndirectInputEvents = YES;
				INFOPLIST_KEY_UILaunchScreen_Generation = YES;
				INFOPLIST_KEY_UISupportedInterfaceOrientations_iPad = "UIInterfaceOrientationPortrait UIInterfaceOrientationPortraitUpsideDown UIInterfaceOrientationLandscapeLeft UIInterfaceOrientationLandscapeRight";
				INFOPLIST_KEY_UISupportedInterfaceOrientations_iPhone = "UIInterfaceOrientationPortrait UIInterfaceOrientationLandscapeLeft UIInterfaceOrientationLandscapeRight";
				IPHONEOS_DEPLOYMENT_TARGET = 26.2;
				LD_RUNPATH_SEARCH_PATHS = (
					"$(inherited)",
					"@executable_path/Frameworks",
				);
				MARKETING_VERSION = 1.0;
				PRODUCT_BUNDLE_IDENTIFIER = com.vision.apple.Meleque;
				PRODUCT_NAME = "$(TARGET_NAME)";
				PROVISIONING_PROFILE_SPECIFIER = "";
				STRING_CATALOG_GENERATE_SYMBOLS = YES;
				SUPPORTED_PLATFORMS = "iphoneos iphonesimulator";
				SUPPORTS_MACCATALYST = NO;
				SUPPORTS_MAC_DESIGNED_FOR_IPHONE_IPAD = NO;
				SUPPORTS_XR_DESIGNED_FOR_IPHONE_IPAD = NO;
				SWIFT_APPROACHABLE_CONCURRENCY = YES;
				SWIFT_DEFAULT_ACTOR_ISOLATION = MainActor;
				SWIFT_EMIT_LOC_STRINGS = YES;
				SWIFT_UPCOMING_FEATURE_MEMBER_IMPORT_VISIBILITY = YES;
				SWIFT_VERSION = 5.0;
				TARGETED_DEVICE_FAMILY = 1;
			};
			name = Release;
		};
		99AF2AF42EF6DE6400C2D3F9 /* Debug */ = {
			isa = XCBuildConfiguration;
			buildSettings = {
				BUNDLE_LOADER = "$(TEST_HOST)";
				CODE_SIGN_STYLE = Automatic;
				CURRENT_PROJECT_VERSION = 1;
				DEVELOPMENT_TEAM = A5PNFW5LM9;
				GENERATE_INFOPLIST_FILE = YES;
				IPHONEOS_DEPLOYMENT_TARGET = 26.2;
				MARKETING_VERSION = 1.0;
				PRODUCT_BUNDLE_IDENTIFIER = com.vision.apple.MelequeTests;
				PRODUCT_NAME = "$(TARGET_NAME)";
				STRING_CATALOG_GENERATE_SYMBOLS = NO;
				SWIFT_APPROACHABLE_CONCURRENCY = YES;
				SWIFT_EMIT_LOC_STRINGS = NO;
				SWIFT_UPCOMING_FEATURE_MEMBER_IMPORT_VISIBILITY = YES;
				SWIFT_VERSION = 5.0;
				TARGETED_DEVICE_FAMILY = "1,2";
				TEST_HOST = "$(BUILT_PRODUCTS_DIR)/Meleque.app/$(BUNDLE_EXECUTABLE_FOLDER_PATH)/Meleque";
			};
			name = Debug;
		};
		99AF2AF52EF6DE6400C2D3F9 /* Release */ = {
			isa = XCBuildConfiguration;
			buildSettings = {
				BUNDLE_LOADER = "$(TEST_HOST)";
				CODE_SIGN_STYLE = Automatic;
				CURRENT_PROJECT_VERSION = 1;
				DEVELOPMENT_TEAM = A5PNFW5LM9;
				GENERATE_INFOPLIST_FILE = YES;
				IPHONEOS_DEPLOYMENT_TARGET = 26.2;
				MARKETING_VERSION = 1.0;
				PRODUCT_BUNDLE_IDENTIFIER = com.vision.apple.MelequeTests;
				PRODUCT_NAME = "$(TARGET_NAME)";
				STRING_CATALOG_GENERATE_SYMBOLS = NO;
				SWIFT_APPROACHABLE_CONCURRENCY = YES;
				SWIFT_EMIT_LOC_STRINGS = NO;
				SWIFT_UPCOMING_FEATURE_MEMBER_IMPORT_VISIBILITY = YES;
				SWIFT_VERSION = 5.0;
				TARGETED_DEVICE_FAMILY = "1,2";
				TEST_HOST = "$(BUILT_PRODUCTS_DIR)/Meleque.app/$(BUNDLE_EXECUTABLE_FOLDER_PATH)/Meleque";
			};
			name = Release;
		};
		99AF2AF72EF6DE6400C2D3F9 /* Debug */ = {
			isa = XCBuildConfiguration;
			buildSettings = {
				CODE_SIGN_STYLE = Automatic;
				CURRENT_PROJECT_VERSION = 1;
				DEVELOPMENT_TEAM = A5PNFW5LM9;
				GENERATE_INFOPLIST_FILE = YES;
				MARKETING_VERSION = 1.0;
				PRODUCT_BUNDLE_IDENTIFIER = com.vision.apple.MelequeUITests;
				PRODUCT_NAME = "$(TARGET_NAME)";
				STRING_CATALOG_GENERATE_SYMBOLS = NO;
				SWIFT_APPROACHABLE_CONCURRENCY = YES;
				SWIFT_EMIT_LOC_STRINGS = NO;
				SWIFT_UPCOMING_FEATURE_MEMBER_IMPORT_VISIBILITY = YES;
				SWIFT_VERSION = 5.0;
				TARGETED_DEVICE_FAMILY = "1,2";
				TEST_TARGET_NAME = Meleque;
			};
			name = Debug;
		};
		99AF2AF82EF6DE6400C2D3F9 /* Release */ = {
			isa = XCBuildConfiguration;
			buildSettings = {
				CODE_SIGN_STYLE = Automatic;
				CURRENT_PROJECT_VERSION = 1;
				DEVELOPMENT_TEAM = A5PNFW5LM9;
				GENERATE_INFOPLIST_FILE = YES;
				MARKETING_VERSION = 1.0;
				PRODUCT_BUNDLE_IDENTIFIER = com.vision.apple.MelequeUITests;
				PRODUCT_NAME = "$(TARGET_NAME)";
				STRING_CATALOG_GENERATE_SYMBOLS = NO;
				SWIFT_APPROACHABLE_CONCURRENCY = YES;
				SWIFT_EMIT_LOC_STRINGS = NO;
				SWIFT_UPCOMING_FEATURE_MEMBER_IMPORT_VISIBILITY = YES;
				SWIFT_VERSION = 5.0;
				TARGETED_DEVICE_FAMILY = "1,2";
				TEST_TARGET_NAME = Meleque;
			};
			name = Release;
		};
/* End XCBuildConfiguration section */

/* Begin XCConfigurationList section */
		99AF2ACA2EF6DE6300C2D3F9 /* Build configuration list for PBXProject "Meleque" */ = {
			isa = XCConfigurationList;
			buildConfigurations = (
				99AF2AEE2EF6DE6400C2D3F9 /* Debug */,
				99AF2AEF2EF6DE6400C2D3F9 /* Release */,
			);
			defaultConfigurationIsVisible = 0;
			defaultConfigurationName = Release;
		};
		99AF2AF02EF6DE6400C2D3F9 /* Build configuration list for PBXNativeTarget "Meleque" */ = {
			isa = XCConfigurationList;
			buildConfigurations = (
				99AF2AF12EF6DE6400C2D3F9 /* Debug */,
				99AF2AF22EF6DE6400C2D3F9 /* Release */,
			);
			defaultConfigurationIsVisible = 0;
			defaultConfigurationName = Release;
		};
		99AF2AF32EF6DE6400C2D3F9 /* Build configuration list for PBXNativeTarget "MelequeTests" */ = {
			isa = XCConfigurationList;
			buildConfigurations = (
				99AF2AF42EF6DE6400C2D3F9 /* Debug */,
				99AF2AF52EF6DE6400C2D3F9 /* Release */,
			);
			defaultConfigurationIsVisible = 0;
			defaultConfigurationName = Release;
		};
		99AF2AF62EF6DE6400C2D3F9 /* Build configuration list for PBXNativeTarget "MelequeUITests" */ = {
			isa = XCConfigurationList;
			buildConfigurations = (
				99AF2AF72EF6DE6400C2D3F9 /* Debug */,
				99AF2AF82EF6DE6400C2D3F9 /* Release */,
			);
			defaultConfigurationIsVisible = 0;
			defaultConfigurationName = Release;
		};
/* End XCConfigurationList section */

/* Begin XCRemoteSwiftPackageReference section */
		99AF2C922EF9AA9900C2D3F9 /* XCRemoteSwiftPackageReference "firebase-ios-sdk" */ = {
			isa = XCRemoteSwiftPackageReference;
			repositoryURL = "https://github.com/firebase/firebase-ios-sdk";
			requirement = {
				kind = upToNextMajorVersion;
				minimumVersion = 12.7.0;
			};
		};
/* End XCRemoteSwiftPackageReference section */

/* Begin XCSwiftPackageProductDependency section */
		99AF2C932EF9AA9900C2D3F9 /* FirebaseAnalytics */ = {
			isa = XCSwiftPackageProductDependency;
			package = 99AF2C922EF9AA9900C2D3F9 /* XCRemoteSwiftPackageReference "firebase-ios-sdk" */;
			productName = FirebaseAnalytics;
		};
		99AF2C952EF9AA9900C2D3F9 /* FirebaseAuth */ = {
			isa = XCSwiftPackageProductDependency;
			package = 99AF2C922EF9AA9900C2D3F9 /* XCRemoteSwiftPackageReference "firebase-ios-sdk" */;
			productName = FirebaseAuth;
		};
		99AF2C972EF9AA9900C2D3F9 /* FirebaseFirestore */ = {
			isa = XCSwiftPackageProductDependency;
			package = 99AF2C922EF9AA9900C2D3F9 /* XCRemoteSwiftPackageReference "firebase-ios-sdk" */;
			productName = FirebaseFirestore;
		};
		99AF2C992EF9AA9900C2D3F9 /* FirebaseStorage */ = {
			isa = XCSwiftPackageProductDependency;
			package = 99AF2C922EF9AA9900C2D3F9 /* XCRemoteSwiftPackageReference "firebase-ios-sdk" */;
			productName = FirebaseStorage;
		};
/* End XCSwiftPackageProductDependency section */
	};
	rootObject = 99AF2AC72EF6DE6300C2D3F9 /* Project object */;
}
